Microsoft Visual Studio Solution File, Format Version 12.00
# Visual Studio Version 17
VisualStudioVersion = 17.5.2.0
MinimumVisualStudioVersion = 10.0.40219.1
Project("{2150E333-8FDC-42A3-9474-1A3956D46DE8}") = "interview", "interview", "{8B426656-CA0C-93FD-5D91-74C00A359728}"
EndProject
Project("{2150E333-8FDC-42A3-9474-1A3956D46DE8}") = "dotnet-roadmap", "dotnet-roadmap", "{D8852EEF-EAC3-E7C4-35E6-85D69F705156}"
EndProject
Project("{2150E333-8FDC-42A3-9474-1A3956D46DE8}") = "cracking-the-coding-interview", "cracking-the-coding-interview", "{08C89632-0DBC-9C5D-DE48-8FF406C9CD33}"
EndProject
Project("{FAE04EC0-301F-11D3-BF4B-00C04F79EFBC}") = "arrays", "interview\cracking-the-coding-interview\arrays\arrays.csproj", "{38D5345B-9E98-E0D1-3DE9-CAB388B469DF}"
EndProject
Project("{2150E333-8FDC-42A3-9474-1A3956D46DE8}") = "design-patterns", "design-patterns", "{B9CF9A19-B59D-9D37-C050-8840F673F418}"
EndProject
Project("{2150E333-8FDC-42A3-9474-1A3956D46DE8}") = "Creational", "Creational", "{9B8EE3CE-2B04-5AA7-1B35-B31871C1BA08}"
EndProject
Project("{FAE04EC0-301F-11D3-BF4B-00C04F79EFBC}") = "Singleton", "dotnet-roadmap\design-patterns\Creational\Singleton\Singleton.csproj", "{399A8AF1-9A2B-626A-4D40-A8B62DE49D82}"
EndProject
Project("{FAE04EC0-301F-11D3-BF4B-00C04F79EFBC}") = "Builder", "dotnet-roadmap\design-patterns\Creational\Builder\Builder.csproj", "{3FE38AF2-7E91-0B91-6006-B95D64D1BBC8}"
EndProject
Project("{2150E333-8FDC-42A3-9474-1A3956D46DE8}") = "leetcode", "leetcode", "{5FBCF0FE-3A43-0211-8489-DA7358F2EA82}"
EndProject
Project("{2150E333-8FDC-42A3-9474-1A3956D46DE8}") = "1. Two Sum", "1. Two Sum", "{C1391F08-073F-7DED-1D17-532818F4E165}"
EndProject
Project("{FAE04EC0-301F-11D3-BF4B-00C04F79EFBC}") = "Solution", "interview\leetcode\1. Two Sum\Solution\Solution.csproj", "{DEF48828-D3BE-8900-B9A2-A62E661DFC46}"
EndProject
Project("{2150E333-8FDC-42A3-9474-1A3956D46DE8}") = "217. Contains Duplicate", "217. Contains Duplicate", "{23106B4A-FF10-B291-93E2-E70A01AE898E}"
EndProject
Project("{FAE04EC0-301F-11D3-BF4B-00C04F79EFBC}") = "Solution", "interview\leetcode\217. Contains Duplicate\Solution\Solution.csproj", "{688E3CD8-D4CE-9DF3-1E71-F7C3D6B77EFA}"
EndProject
Project("{2150E333-8FDC-42A3-9474-1A3956D46DE8}") = "121. Best Time to Buy and Sell Stock", "121. Best Time to Buy and Sell Stock", "{CED76C1D-CE2E-7533-FE26-2CD433530B65}"
EndProject
Project("{FAE04EC0-301F-11D3-BF4B-00C04F79EFBC}") = "Solution", "interview\leetcode\121. Best Time to Buy and Sell Stock\Solution\Solution.csproj", "{0324CDA6-DC93-59DD-9EE4-7FC4AF15B89E}"
EndProject
Project("{2150E333-8FDC-42A3-9474-1A3956D46DE8}") = "238. Product of Array Except Self", "238. Product of Array Except Self", "{69005558-BF22-C6ED-AC18-7A159E3D83D9}"
EndProject
Project("{FAE04EC0-301F-11D3-BF4B-00C04F79EFBC}") = "Solution", "interview\leetcode\238. Product of Array Except Self\Solution\Solution.csproj", "{E429AC12-FE5F-308B-5314-4438C14E079D}"
EndProject
Project("{2150E333-8FDC-42A3-9474-1A3956D46DE8}") = "dotnet-core-basics", "dotnet-core-basics", "{09441A6A-A9E0-3BEB-24F7-16D14EDD19BB}"
EndProject
Project("{2150E333-8FDC-42A3-9474-1A3956D46DE8}") = "authentication-and-authorization", "authentication-and-authorization", "{209512B9-84E5-BCF1-A434-6EC2CBF480CF}"
EndProject
Project("{2150E333-8FDC-42A3-9474-1A3956D46DE8}") = "AuthDemo", "AuthDemo", "{EA67354E-58C0-DA75-6280-6CD980791A2D}"
EndProject
Project("{FAE04EC0-301F-11D3-BF4B-00C04F79EFBC}") = "AuthDemo.Api", "dotnet-roadmap\dotnet-core-basics\authentication-and-authorization\AuthDemo\AuthDemo.Api\AuthDemo.Api.csproj", "{E8892B97-D77F-34F3-0336-DF81FBE75742}"
EndProject
Global
	GlobalSection(SolutionConfigurationPlatforms) = preSolution
		Debug|Any CPU = Debug|Any CPU
		Release|Any CPU = Release|Any CPU
	EndGlobalSection
	GlobalSection(ProjectConfigurationPlatforms) = postSolution
		{38D5345B-9E98-E0D1-3DE9-CAB388B469DF}.Debug|Any CPU.ActiveCfg = Debug|Any CPU
		{38D5345B-9E98-E0D1-3DE9-CAB388B469DF}.Debug|Any CPU.Build.0 = Debug|Any CPU
		{38D5345B-9E98-E0D1-3DE9-CAB388B469DF}.Release|Any CPU.ActiveCfg = Release|Any CPU
		{38D5345B-9E98-E0D1-3DE9-CAB388B469DF}.Release|Any CPU.Build.0 = Release|Any CPU
		{399A8AF1-9A2B-626A-4D40-A8B62DE49D82}.Debug|Any CPU.ActiveCfg = Debug|Any CPU
		{399A8AF1-9A2B-626A-4D40-A8B62DE49D82}.Debug|Any CPU.Build.0 = Debug|Any CPU
		{399A8AF1-9A2B-626A-4D40-A8B62DE49D82}.Release|Any CPU.ActiveCfg = Release|Any CPU
		{399A8AF1-9A2B-626A-4D40-A8B62DE49D82}.Release|Any CPU.Build.0 = Release|Any CPU
		{3FE38AF2-7E91-0B91-6006-B95D64D1BBC8}.Debug|Any CPU.ActiveCfg = Debug|Any CPU
		{3FE38AF2-7E91-0B91-6006-B95D64D1BBC8}.Debug|Any CPU.Build.0 = Debug|Any CPU
		{3FE38AF2-7E91-0B91-6006-B95D64D1BBC8}.Release|Any CPU.ActiveCfg = Release|Any CPU
		{3FE38AF2-7E91-0B91-6006-B95D64D1BBC8}.Release|Any CPU.Build.0 = Release|Any CPU
		{DEF48828-D3BE-8900-B9A2-A62E661DFC46}.Debug|Any CPU.ActiveCfg = Debug|Any CPU
		{DEF48828-D3BE-8900-B9A2-A62E661DFC46}.Debug|Any CPU.Build.0 = Debug|Any CPU
		{DEF48828-D3BE-8900-B9A2-A62E661DFC46}.Release|Any CPU.ActiveCfg = Release|Any CPU
		{DEF48828-D3BE-8900-B9A2-A62E661DFC46}.Release|Any CPU.Build.0 = Release|Any CPU
		{688E3CD8-D4CE-9DF3-1E71-F7C3D6B77EFA}.Debug|Any CPU.ActiveCfg = Debug|Any CPU
		{688E3CD8-D4CE-9DF3-1E71-F7C3D6B77EFA}.Debug|Any CPU.Build.0 = Debug|Any CPU
		{688E3CD8-D4CE-9DF3-1E71-F7C3D6B77EFA}.Release|Any CPU.ActiveCfg = Release|Any CPU
		{688E3CD8-D4CE-9DF3-1E71-F7C3D6B77EFA}.Release|Any CPU.Build.0 = Release|Any CPU
		{0324CDA6-DC93-59DD-9EE4-7FC4AF15B89E}.Debug|Any CPU.ActiveCfg = Debug|Any CPU
		{0324CDA6-DC93-59DD-9EE4-7FC4AF15B89E}.Debug|Any CPU.Build.0 = Debug|Any CPU
		{0324CDA6-DC93-59DD-9EE4-7FC4AF15B89E}.Release|Any CPU.ActiveCfg = Release|Any CPU
		{0324CDA6-DC93-59DD-9EE4-7FC4AF15B89E}.Release|Any CPU.Build.0 = Release|Any CPU
		{E429AC12-FE5F-308B-5314-4438C14E079D}.Debug|Any CPU.ActiveCfg = Debug|Any CPU
		{E429AC12-FE5F-308B-5314-4438C14E079D}.Debug|Any CPU.Build.0 = Debug|Any CPU
		{E429AC12-FE5F-308B-5314-4438C14E079D}.Release|Any CPU.ActiveCfg = Release|Any CPU
		{E429AC12-FE5F-308B-5314-4438C14E079D}.Release|Any CPU.Build.0 = Release|Any CPU
		{E8892B97-D77F-34F3-0336-DF81FBE75742}.Debug|Any CPU.ActiveCfg = Debug|Any CPU
		{E8892B97-D77F-34F3-0336-DF81FBE75742}.Debug|Any CPU.Build.0 = Debug|Any CPU
		{E8892B97-D77F-34F3-0336-DF81FBE75742}.Release|Any CPU.ActiveCfg = Release|Any CPU
		{E8892B97-D77F-34F3-0336-DF81FBE75742}.Release|Any CPU.Build.0 = Release|Any CPU
	EndGlobalSection
	GlobalSection(SolutionProperties) = preSolution
		HideSolutionNode = FALSE
	EndGlobalSection
	GlobalSection(NestedProjects) = preSolution
		{08C89632-0DBC-9C5D-DE48-8FF406C9CD33} = {8B426656-CA0C-93FD-5D91-74C00A359728}
		{38D5345B-9E98-E0D1-3DE9-CAB388B469DF} = {08C89632-0DBC-9C5D-DE48-8FF406C9CD33}
		{B9CF9A19-B59D-9D37-C050-8840F673F418} = {D8852EEF-EAC3-E7C4-35E6-85D69F705156}
		{9B8EE3CE-2B04-5AA7-1B35-B31871C1BA08} = {B9CF9A19-B59D-9D37-C050-8840F673F418}
		{399A8AF1-9A2B-626A-4D40-A8B62DE49D82} = {9B8EE3CE-2B04-5AA7-1B35-B31871C1BA08}
		{3FE38AF2-7E91-0B91-6006-B95D64D1BBC8} = {9B8EE3CE-2B04-5AA7-1B35-B31871C1BA08}
		{5FBCF0FE-3A43-0211-8489-DA7358F2EA82} = {8B426656-CA0C-93FD-5D91-74C00A359728}
		{C1391F08-073F-7DED-1D17-532818F4E165} = {5FBCF0FE-3A43-0211-8489-DA7358F2EA82}
		{DEF48828-D3BE-8900-B9A2-A62E661DFC46} = {C1391F08-073F-7DED-1D17-532818F4E165}
		{23106B4A-FF10-B291-93E2-E70A01AE898E} = {5FBCF0FE-3A43-0211-8489-DA7358F2EA82}
		{688E3CD8-D4CE-9DF3-1E71-F7C3D6B77EFA} = {23106B4A-FF10-B291-93E2-E70A01AE898E}
		{CED76C1D-CE2E-7533-FE26-2CD433530B65} = {5FBCF0FE-3A43-0211-8489-DA7358F2EA82}
		{0324CDA6-DC93-59DD-9EE4-7FC4AF15B89E} = {CED76C1D-CE2E-7533-FE26-2CD433530B65}
		{69005558-BF22-C6ED-AC18-7A159E3D83D9} = {5FBCF0FE-3A43-0211-8489-DA7358F2EA82}
		{E429AC12-FE5F-308B-5314-4438C14E079D} = {69005558-BF22-C6ED-AC18-7A159E3D83D9}
		{09441A6A-A9E0-3BEB-24F7-16D14EDD19BB} = {D8852EEF-EAC3-E7C4-35E6-85D69F705156}
		{209512B9-84E5-BCF1-A434-6EC2CBF480CF} = {09441A6A-A9E0-3BEB-24F7-16D14EDD19BB}
		{EA67354E-58C0-DA75-6280-6CD980791A2D} = {209512B9-84E5-BCF1-A434-6EC2CBF480CF}
		{E8892B97-D77F-34F3-0336-DF81FBE75742} = {EA67354E-58C0-DA75-6280-6CD980791A2D}
	EndGlobalSection
	GlobalSection(ExtensibilityGlobals) = postSolution
		SolutionGuid = {5AC345AD-662A-47F7-8E45-F2DE5BE6041D}
	EndGlobalSection
EndGlobal
